Microsoft Visual Studio Solution File, Format Version 11.00
# Visual Studio 2010
Project("{8BC9CEB8-8B4A-11D0-8D11-00A0C91BC942}") = "OMAPFlash", "host\OMAPFlash.vcxproj", "{109C8CD5-A26C-4DC3-BF0B-1C352C24330F}"
EndProject
Project("{8BC9CEB8-8B4A-11D0-8D11-00A0C91BC942}") = "target_2nd", "target\simulation\dnld_startup\dnld_startup.vcxproj", "{70745D6F-10F2-4D7A-962A-B32EA62FC158}"
EndProject
Project("{8BC9CEB8-8B4A-11D0-8D11-00A0C91BC942}") = "nor_intel_sibley_drv", "flashdrv\Simulation\nor_intel_sibley_drv\nor_intel_sibley_drv.vcxproj", "{E3B62104-C649-4E52-A3F9-3673CA62C6E4}"
EndProject
Project("{8BC9CEB8-8B4A-11D0-8D11-00A0C91BC942}") = "comdriver", "comdriver\build\comdriver.vcxproj", "{5FE497AB-2DC8-44DF-8736-FA1D74EF50B3}"
EndProject
Project("{8BC9CEB8-8B4A-11D0-8D11-00A0C91BC942}") = "generate_test_data", "generate_test_data\generate_test_data.vcxproj", "{ABDBD015-5E76-47F1-82C2-A0D931078FD6}"
EndProject
Project("{8BC9CEB8-8B4A-11D0-8D11-00A0C91BC942}") = "nand_onfi_16bit_8bit", "flashdrv\Simulation\nand_onfi_16bit_8bit\nand_onfi_16bit_8bit.vcxproj", "{F2A38B49-0EE6-4474-8D7A-CB189B5D2674}"
EndProject
Project("{54435603-DBB4-11D2-8724-00A0C9A8B90C}") = "OMAPFlashInstaller", "OMAPFlashInstaller\OMAPFlashInstaller.vdproj", "{390B36C7-7CDA-49C9-921C-0688E6A363BF}"
	ProjectSection(ProjectDependencies) = postProject
		{E3B62104-C649-4E52-A3F9-3673CA62C6E4} = {E3B62104-C649-4E52-A3F9-3673CA62C6E4}
		{D8DDEF05-A2B5-48CC-A94E-8B4D6DFBA92E} = {D8DDEF05-A2B5-48CC-A94E-8B4D6DFBA92E}
		{DCF15412-1FEE-4F3F-93FF-2B7B1D7DAD68} = {DCF15412-1FEE-4F3F-93FF-2B7B1D7DAD68}
		{ABDBD015-5E76-47F1-82C2-A0D931078FD6} = {ABDBD015-5E76-47F1-82C2-A0D931078FD6}
		{F2A38B49-0EE6-4474-8D7A-CB189B5D2674} = {F2A38B49-0EE6-4474-8D7A-CB189B5D2674}
		{70745D6F-10F2-4D7A-962A-B32EA62FC158} = {70745D6F-10F2-4D7A-962A-B32EA62FC158}
		{ED27D471-5620-45FB-BFD4-6D5DABADE989} = {ED27D471-5620-45FB-BFD4-6D5DABADE989}
		{9ECEEE97-0FE1-4659-92D5-D1D9ACFD1D7A} = {9ECEEE97-0FE1-4659-92D5-D1D9ACFD1D7A}
		{0D19FDED-54A0-4563-8884-34AFF72FA022} = {0D19FDED-54A0-4563-8884-34AFF72FA022}
	EndProjectSection
EndProject
Project("{8BC9CEB8-8B4A-11D0-8D11-00A0C91BC942}") = "onenand_drv", "flashdrv\Simulation\onenand\onenand.vcxproj", "{D8DDEF05-A2B5-48CC-A94E-8B4D6DFBA92E}"
EndProject
Project("{8BC9CEB8-8B4A-11D0-8D11-00A0C91BC942}") = "emmc_drv", "flashdrv\Simulation\emmc_drv\emmc_drv.vcxproj", "{DCF15412-1FEE-4F3F-93FF-2B7B1D7DAD68}"
EndProject
Project("{8BC9CEB8-8B4A-11D0-8D11-00A0C91BC942}") = "nor_amd_drv", "flashdrv\Simulation\nor_amd_drv\nor_amd_drv.vcxproj", "{9ECEEE97-0FE1-4659-92D5-D1D9ACFD1D7A}"
EndProject
Project("{8BC9CEB8-8B4A-11D0-8D11-00A0C91BC942}") = "nor_numonyx_drv", "flashdrv\Simulation\nor_numonyx_drv\nor_numonyx_drv.vcxproj", "{ED27D471-5620-45FB-BFD4-6D5DABADE989}"
EndProject
Project("{8BC9CEB8-8B4A-11D0-8D11-00A0C91BC942}") = "bqfs_drv", "flashdrv\Simulation\bqfs_drv\bqfs.vcxproj", "{0D19FDED-54A0-4563-8884-34AFF72FA022}"
EndProject
Global
	GlobalSection(SolutionConfigurationPlatforms) = preSolution
		Debug All|Any CPU = Debug All|Any CPU
		Debug All|Mixed Platforms = Debug All|Mixed Platforms
		Debug All|Win32 = Debug All|Win32
		Debug|Any CPU = Debug|Any CPU
		Debug|Mixed Platforms = Debug|Mixed Platforms
		Debug|Win32 = Debug|Win32
		Release|Any CPU = Release|Any CPU
		Release|Mixed Platforms = Release|Mixed Platforms
		Release|Win32 = Release|Win32
		RunOnly|Any CPU = RunOnly|Any CPU
		RunOnly|Mixed Platforms = RunOnly|Mixed Platforms
		RunOnly|Win32 = RunOnly|Win32
	EndGlobalSection
	GlobalSection(ProjectConfigurationPlatforms) = postSolution
		{109C8CD5-A26C-4DC3-BF0B-1C352C24330F}.Debug All|Any CPU.ActiveCfg = Debug|Win32
		{109C8CD5-A26C-4DC3-BF0B-1C352C24330F}.Debug All|Mixed Platforms.ActiveCfg = Debug|Win32
		{109C8CD5-A26C-4DC3-BF0B-1C352C24330F}.Debug All|Mixed Platforms.Build.0 = Debug|Win32
		{109C8CD5-A26C-4DC3-BF0B-1C352C24330F}.Debug All|Win32.ActiveCfg = Debug|Win32
		{109C8CD5-A26C-4DC3-BF0B-1C352C24330F}.Debug All|Win32.Build.0 = Debug|Win32
		{109C8CD5-A26C-4DC3-BF0B-1C352C24330F}.Debug|Any CPU.ActiveCfg = Debug|Win32
		{109C8CD5-A26C-4DC3-BF0B-1C352C24330F}.Debug|Mixed Platforms.ActiveCfg = Debug|Win32
		{109C8CD5-A26C-4DC3-BF0B-1C352C24330F}.Debug|Mixed Platforms.Build.0 = Debug|Win32
		{109C8CD5-A26C-4DC3-BF0B-1C352C24330F}.Debug|Win32.ActiveCfg = Debug|Win32
		{109C8CD5-A26C-4DC3-BF0B-1C352C24330F}.Debug|Win32.Build.0 = Debug|Win32
		{109C8CD5-A26C-4DC3-BF0B-1C352C24330F}.Release|Any CPU.ActiveCfg = Release|Win32
		{109C8CD5-A26C-4DC3-BF0B-1C352C24330F}.Release|Mixed Platforms.ActiveCfg = Release|Win32
		{109C8CD5-A26C-4DC3-BF0B-1C352C24330F}.Release|Mixed Platforms.Build.0 = Release|Win32
		{109C8CD5-A26C-4DC3-BF0B-1C352C24330F}.Release|Win32.ActiveCfg = Release|Win32
		{109C8CD5-A26C-4DC3-BF0B-1C352C24330F}.Release|Win32.Build.0 = Release|Win32
		{109C8CD5-A26C-4DC3-BF0B-1C352C24330F}.RunOnly|Any CPU.ActiveCfg = RunOnly|Win32
		{109C8CD5-A26C-4DC3-BF0B-1C352C24330F}.RunOnly|Mixed Platforms.ActiveCfg = Debug|Win32
		{109C8CD5-A26C-4DC3-BF0B-1C352C24330F}.RunOnly|Mixed Platforms.Build.0 = Debug|Win32
		{109C8CD5-A26C-4DC3-BF0B-1C352C24330F}.RunOnly|Win32.ActiveCfg = RunOnly|Win32
		{109C8CD5-A26C-4DC3-BF0B-1C352C24330F}.RunOnly|Win32.Build.0 = RunOnly|Win32
		{70745D6F-10F2-4D7A-962A-B32EA62FC158}.Debug All|Any CPU.ActiveCfg = Debug All|Win32
		{70745D6F-10F2-4D7A-962A-B32EA62FC158}.Debug All|Mixed Platforms.ActiveCfg = Debug All|Win32
		{70745D6F-10F2-4D7A-962A-B32EA62FC158}.Debug All|Mixed Platforms.Build.0 = Debug All|Win32
		{70745D6F-10F2-4D7A-962A-B32EA62FC158}.Debug All|Win32.ActiveCfg = Debug All|Win32
		{70745D6F-10F2-4D7A-962A-B32EA62FC158}.Debug All|Win32.Build.0 = Debug All|Win32
		{70745D6F-10F2-4D7A-962A-B32EA62FC158}.Debug|Any CPU.ActiveCfg = Debug|Win32
		{70745D6F-10F2-4D7A-962A-B32EA62FC158}.Debug|Mixed Platforms.ActiveCfg = Debug|Win32
		{70745D6F-10F2-4D7A-962A-B32EA62FC158}.Debug|Mixed Platforms.Build.0 = Debug|Win32
		{70745D6F-10F2-4D7A-962A-B32EA62FC158}.Debug|Win32.ActiveCfg = Debug|Win32
		{70745D6F-10F2-4D7A-962A-B32EA62FC158}.Debug|Win32.Build.0 = Debug|Win32
		{70745D6F-10F2-4D7A-962A-B32EA62FC158}.Release|Any CPU.ActiveCfg = Release|Win32
		{70745D6F-10F2-4D7A-962A-B32EA62FC158}.Release|Mixed Platforms.ActiveCfg = Release|Win32
		{70745D6F-10F2-4D7A-962A-B32EA62FC158}.Release|Mixed Platforms.Build.0 = Release|Win32
		{70745D6F-10F2-4D7A-962A-B32EA62FC158}.Release|Win32.ActiveCfg = Release|Win32
		{70745D6F-10F2-4D7A-962A-B32EA62FC158}.Release|Win32.Build.0 = Release|Win32
		{70745D6F-10F2-4D7A-962A-B32EA62FC158}.RunOnly|Any CPU.ActiveCfg = RunOnly|Win32
		{70745D6F-10F2-4D7A-962A-B32EA62FC158}.RunOnly|Mixed Platforms.ActiveCfg = Debug|Win32
		{70745D6F-10F2-4D7A-962A-B32EA62FC158}.RunOnly|Win32.ActiveCfg = RunOnly|Win32
		{70745D6F-10F2-4D7A-962A-B32EA62FC158}.RunOnly|Win32.Build.0 = RunOnly|Win32
		{E3B62104-C649-4E52-A3F9-3673CA62C6E4}.Debug All|Any CPU.ActiveCfg = Debug|Win32
		{E3B62104-C649-4E52-A3F9-3673CA62C6E4}.Debug All|Mixed Platforms.ActiveCfg = Debug|Win32
		{E3B62104-C649-4E52-A3F9-3673CA62C6E4}.Debug All|Mixed Platforms.Build.0 = Debug|Win32
		{E3B62104-C649-4E52-A3F9-3673CA62C6E4}.Debug All|Win32.ActiveCfg = Debug|Win32
		{E3B62104-C649-4E52-A3F9-3673CA62C6E4}.Debug All|Win32.Build.0 = Debug|Win32
		{E3B62104-C649-4E52-A3F9-3673CA62C6E4}.Debug|Any CPU.ActiveCfg = Debug|Win32
		{E3B62104-C649-4E52-A3F9-3673CA62C6E4}.Debug|Mixed Platforms.ActiveCfg = Debug|Win32
		{E3B62104-C649-4E52-A3F9-3673CA62C6E4}.Debug|Mixed Platforms.Build.0 = Debug|Win32
		{E3B62104-C649-4E52-A3F9-3673CA62C6E4}.Debug|Win32.ActiveCfg = Debug|Win32
		{E3B62104-C649-4E52-A3F9-3673CA62C6E4}.Debug|Win32.Build.0 = Debug|Win32
		{E3B62104-C649-4E52-A3F9-3673CA62C6E4}.Release|Any CPU.ActiveCfg = Release|Win32
		{E3B62104-C649-4E52-A3F9-3673CA62C6E4}.Release|Mixed Platforms.ActiveCfg = Release|Win32
		{E3B62104-C649-4E52-A3F9-3673CA62C6E4}.Release|Mixed Platforms.Build.0 = Release|Win32
		{E3B62104-C649-4E52-A3F9-3673CA62C6E4}.Release|Win32.ActiveCfg = Release|Win32
		{E3B62104-C649-4E52-A3F9-3673CA62C6E4}.Release|Win32.Build.0 = Release|Win32
		{E3B62104-C649-4E52-A3F9-3673CA62C6E4}.RunOnly|Any CPU.ActiveCfg = RunOnly|Win32
		{E3B62104-C649-4E52-A3F9-3673CA62C6E4}.RunOnly|Mixed Platforms.ActiveCfg = Debug|Win32
		{E3B62104-C649-4E52-A3F9-3673CA62C6E4}.RunOnly|Win32.ActiveCfg = RunOnly|Win32
		{E3B62104-C649-4E52-A3F9-3673CA62C6E4}.RunOnly|Win32.Build.0 = RunOnly|Win32
		{5FE497AB-2DC8-44DF-8736-FA1D74EF50B3}.Debug All|Any CPU.ActiveCfg = Debug All|Win32
		{5FE497AB-2DC8-44DF-8736-FA1D74EF50B3}.Debug All|Mixed Platforms.ActiveCfg = Debug All|Win32
		{5FE497AB-2DC8-44DF-8736-FA1D74EF50B3}.Debug All|Mixed Platforms.Build.0 = Debug All|Win32
		{5FE497AB-2DC8-44DF-8736-FA1D74EF50B3}.Debug All|Win32.ActiveCfg = Debug All|Win32
		{5FE497AB-2DC8-44DF-8736-FA1D74EF50B3}.Debug All|Win32.Build.0 = Debug All|Win32
		{5FE497AB-2DC8-44DF-8736-FA1D74EF50B3}.Debug|Any CPU.ActiveCfg = Debug|Win32
		{5FE497AB-2DC8-44DF-8736-FA1D74EF50B3}.Debug|Mixed Platforms.ActiveCfg = Debug|Win32
		{5FE497AB-2DC8-44DF-8736-FA1D74EF50B3}.Debug|Mixed Platforms.Build.0 = Debug|Win32
		{5FE497AB-2DC8-44DF-8736-FA1D74EF50B3}.Debug|Win32.ActiveCfg = Debug|Win32
		{5FE497AB-2DC8-44DF-8736-FA1D74EF50B3}.Debug|Win32.Build.0 = Debug|Win32
		{5FE497AB-2DC8-44DF-8736-FA1D74EF50B3}.Release|Any CPU.ActiveCfg = Release|Win32
		{5FE497AB-2DC8-44DF-8736-FA1D74EF50B3}.Release|Mixed Platforms.ActiveCfg = Debug|Win32
		{5FE497AB-2DC8-44DF-8736-FA1D74EF50B3}.Release|Mixed Platforms.Build.0 = Debug|Win32
		{5FE497AB-2DC8-44DF-8736-FA1D74EF50B3}.Release|Win32.ActiveCfg = Release|Win32
		{5FE497AB-2DC8-44DF-8736-FA1D74EF50B3}.Release|Win32.Build.0 = Release|Win32
		{5FE497AB-2DC8-44DF-8736-FA1D74EF50B3}.RunOnly|Any CPU.ActiveCfg = RunOnly|Win32
		{5FE497AB-2DC8-44DF-8736-FA1D74EF50B3}.RunOnly|Mixed Platforms.ActiveCfg = Debug|Win32
		{5FE497AB-2DC8-44DF-8736-FA1D74EF50B3}.RunOnly|Win32.ActiveCfg = RunOnly|Win32
		{5FE497AB-2DC8-44DF-8736-FA1D74EF50B3}.RunOnly|Win32.Build.0 = RunOnly|Win32
		{ABDBD015-5E76-47F1-82C2-A0D931078FD6}.Debug All|Any CPU.ActiveCfg = Debug|Win32
		{ABDBD015-5E76-47F1-82C2-A0D931078FD6}.Debug All|Mixed Platforms.ActiveCfg = Debug|Win32
		{ABDBD015-5E76-47F1-82C2-A0D931078FD6}.Debug All|Mixed Platforms.Build.0 = Debug|Win32
		{ABDBD015-5E76-47F1-82C2-A0D931078FD6}.Debug All|Win32.ActiveCfg = Debug|Win32
		{ABDBD015-5E76-47F1-82C2-A0D931078FD6}.Debug All|Win32.Build.0 = Debug|Win32
		{ABDBD015-5E76-47F1-82C2-A0D931078FD6}.Debug|Any CPU.ActiveCfg = Debug|Win32
		{ABDBD015-5E76-47F1-82C2-A0D931078FD6}.Debug|Mixed Platforms.ActiveCfg = Debug|Win32
		{ABDBD015-5E76-47F1-82C2-A0D931078FD6}.Debug|Win32.ActiveCfg = Debug|Win32
		{ABDBD015-5E76-47F1-82C2-A0D931078FD6}.Debug|Win32.Build.0 = Debug|Win32
		{ABDBD015-5E76-47F1-82C2-A0D931078FD6}.Release|Any CPU.ActiveCfg = Release|Win32
		{ABDBD015-5E76-47F1-82C2-A0D931078FD6}.Release|Mixed Platforms.ActiveCfg = Release|Win32
		{ABDBD015-5E76-47F1-82C2-A0D931078FD6}.Release|Win32.ActiveCfg = Release|Win32
		{ABDBD015-5E76-47F1-82C2-A0D931078FD6}.Release|Win32.Build.0 = Release|Win32
		{ABDBD015-5E76-47F1-82C2-A0D931078FD6}.RunOnly|Any CPU.ActiveCfg = RunOnly|Win32
		{ABDBD015-5E76-47F1-82C2-A0D931078FD6}.RunOnly|Mixed Platforms.ActiveCfg = Debug|Win32
		{ABDBD015-5E76-47F1-82C2-A0D931078FD6}.RunOnly|Win32.ActiveCfg = RunOnly|Win32
		{ABDBD015-5E76-47F1-82C2-A0D931078FD6}.RunOnly|Win32.Build.0 = RunOnly|Win32
		{F2A38B49-0EE6-4474-8D7A-CB189B5D2674}.Debug All|Any CPU.ActiveCfg = Debug|Win32
		{F2A38B49-0EE6-4474-8D7A-CB189B5D2674}.Debug All|Mixed Platforms.ActiveCfg = Debug|Win32
		{F2A38B49-0EE6-4474-8D7A-CB189B5D2674}.Debug All|Mixed Platforms.Build.0 = Debug|Win32
		{F2A38B49-0EE6-4474-8D7A-CB189B5D2674}.Debug All|Win32.ActiveCfg = Debug|Win32
		{F2A38B49-0EE6-4474-8D7A-CB189B5D2674}.Debug All|Win32.Build.0 = Debug|Win32
		{F2A38B49-0EE6-4474-8D7A-CB189B5D2674}.Debug|Any CPU.ActiveCfg = Debug|Win32
		{F2A38B49-0EE6-4474-8D7A-CB189B5D2674}.Debug|Mixed Platforms.ActiveCfg = Debug|Win32
		{F2A38B49-0EE6-4474-8D7A-CB189B5D2674}.Debug|Mixed Platforms.Build.0 = Debug|Win32
		{F2A38B49-0EE6-4474-8D7A-CB189B5D2674}.Debug|Win32.ActiveCfg = Debug|Win32
		{F2A38B49-0EE6-4474-8D7A-CB189B5D2674}.Debug|Win32.Build.0 = Debug|Win32
		{F2A38B49-0EE6-4474-8D7A-CB189B5D2674}.Release|Any CPU.ActiveCfg = Release|Win32
		{F2A38B49-0EE6-4474-8D7A-CB189B5D2674}.Release|Mixed Platforms.ActiveCfg = Release|Win32
		{F2A38B49-0EE6-4474-8D7A-CB189B5D2674}.Release|Mixed Platforms.Build.0 = Release|Win32
		{F2A38B49-0EE6-4474-8D7A-CB189B5D2674}.Release|Win32.ActiveCfg = Release|Win32
		{F2A38B49-0EE6-4474-8D7A-CB189B5D2674}.Release|Win32.Build.0 = Release|Win32
		{F2A38B49-0EE6-4474-8D7A-CB189B5D2674}.RunOnly|Any CPU.ActiveCfg = RunOnly|Win32
		{F2A38B49-0EE6-4474-8D7A-CB189B5D2674}.RunOnly|Mixed Platforms.ActiveCfg = Debug|Win32
		{F2A38B49-0EE6-4474-8D7A-CB189B5D2674}.RunOnly|Win32.ActiveCfg = RunOnly|Win32
		{F2A38B49-0EE6-4474-8D7A-CB189B5D2674}.RunOnly|Win32.Build.0 = RunOnly|Win32
		{390B36C7-7CDA-49C9-921C-0688E6A363BF}.Debug All|Any CPU.ActiveCfg = Debug
		{390B36C7-7CDA-49C9-921C-0688E6A363BF}.Debug All|Any CPU.Build.0 = Debug
		{390B36C7-7CDA-49C9-921C-0688E6A363BF}.Debug All|Mixed Platforms.ActiveCfg = Debug
		{390B36C7-7CDA-49C9-921C-0688E6A363BF}.Debug All|Mixed Platforms.Build.0 = Debug
		{390B36C7-7CDA-49C9-921C-0688E6A363BF}.Debug All|Win32.ActiveCfg = Debug
		{390B36C7-7CDA-49C9-921C-0688E6A363BF}.Debug All|Win32.Build.0 = Debug
		{390B36C7-7CDA-49C9-921C-0688E6A363BF}.Debug|Any CPU.ActiveCfg = Debug
		{390B36C7-7CDA-49C9-921C-0688E6A363BF}.Debug|Any CPU.Build.0 = Debug
		{390B36C7-7CDA-49C9-921C-0688E6A363BF}.Debug|Mixed Platforms.ActiveCfg = Debug
		{390B36C7-7CDA-49C9-921C-0688E6A363BF}.Debug|Win32.ActiveCfg = Debug
		{390B36C7-7CDA-49C9-921C-0688E6A363BF}.Debug|Win32.Build.0 = Debug
		{390B36C7-7CDA-49C9-921C-0688E6A363BF}.Release|Any CPU.ActiveCfg = Release
		{390B36C7-7CDA-49C9-921C-0688E6A363BF}.Release|Any CPU.Build.0 = Release
		{390B36C7-7CDA-49C9-921C-0688E6A363BF}.Release|Mixed Platforms.ActiveCfg = Release
		{390B36C7-7CDA-49C9-921C-0688E6A363BF}.Release|Mixed Platforms.Build.0 = Release
		{390B36C7-7CDA-49C9-921C-0688E6A363BF}.Release|Win32.ActiveCfg = Release
		{390B36C7-7CDA-49C9-921C-0688E6A363BF}.Release|Win32.Build.0 = Release
		{390B36C7-7CDA-49C9-921C-0688E6A363BF}.RunOnly|Any CPU.ActiveCfg = Release
		{390B36C7-7CDA-49C9-921C-0688E6A363BF}.RunOnly|Any CPU.Build.0 = Release
		{390B36C7-7CDA-49C9-921C-0688E6A363BF}.RunOnly|Mixed Platforms.ActiveCfg = Debug
		{390B36C7-7CDA-49C9-921C-0688E6A363BF}.RunOnly|Win32.ActiveCfg = Release
		{390B36C7-7CDA-49C9-921C-0688E6A363BF}.RunOnly|Win32.Build.0 = Release
		{D8DDEF05-A2B5-48CC-A94E-8B4D6DFBA92E}.Debug All|Any CPU.ActiveCfg = Debug|Win32
		{D8DDEF05-A2B5-48CC-A94E-8B4D6DFBA92E}.Debug All|Mixed Platforms.ActiveCfg = Debug|Win32
		{D8DDEF05-A2B5-48CC-A94E-8B4D6DFBA92E}.Debug All|Mixed Platforms.Build.0 = Debug|Win32
		{D8DDEF05-A2B5-48CC-A94E-8B4D6DFBA92E}.Debug All|Win32.ActiveCfg = Debug|Win32
		{D8DDEF05-A2B5-48CC-A94E-8B4D6DFBA92E}.Debug All|Win32.Build.0 = Debug|Win32
		{D8DDEF05-A2B5-48CC-A94E-8B4D6DFBA92E}.Debug|Any CPU.ActiveCfg = Debug|Win32
		{D8DDEF05-A2B5-48CC-A94E-8B4D6DFBA92E}.Debug|Mixed Platforms.ActiveCfg = Debug|Win32
		{D8DDEF05-A2B5-48CC-A94E-8B4D6DFBA92E}.Debug|Mixed Platforms.Build.0 = Debug|Win32
		{D8DDEF05-A2B5-48CC-A94E-8B4D6DFBA92E}.Debug|Win32.ActiveCfg = Debug|Win32
		{D8DDEF05-A2B5-48CC-A94E-8B4D6DFBA92E}.Debug|Win32.Build.0 = Debug|Win32
		{D8DDEF05-A2B5-48CC-A94E-8B4D6DFBA92E}.Release|Any CPU.ActiveCfg = Release|Win32
		{D8DDEF05-A2B5-48CC-A94E-8B4D6DFBA92E}.Release|Mixed Platforms.ActiveCfg = Release|Win32
		{D8DDEF05-A2B5-48CC-A94E-8B4D6DFBA92E}.Release|Mixed Platforms.Build.0 = Release|Win32
		{D8DDEF05-A2B5-48CC-A94E-8B4D6DFBA92E}.Release|Win32.ActiveCfg = Release|Win32
		{D8DDEF05-A2B5-48CC-A94E-8B4D6DFBA92E}.Release|Win32.Build.0 = Release|Win32
		{D8DDEF05-A2B5-48CC-A94E-8B4D6DFBA92E}.RunOnly|Any CPU.ActiveCfg = Release|Win32
		{D8DDEF05-A2B5-48CC-A94E-8B4D6DFBA92E}.RunOnly|Mixed Platforms.ActiveCfg = Debug|Win32
		{D8DDEF05-A2B5-48CC-A94E-8B4D6DFBA92E}.RunOnly|Win32.ActiveCfg = Release|Win32
		{D8DDEF05-A2B5-48CC-A94E-8B4D6DFBA92E}.RunOnly|Win32.Build.0 = Release|Win32
		{DCF15412-1FEE-4F3F-93FF-2B7B1D7DAD68}.Debug All|Any CPU.ActiveCfg = Debug|Win32
		{DCF15412-1FEE-4F3F-93FF-2B7B1D7DAD68}.Debug All|Mixed Platforms.ActiveCfg = Debug|Win32
		{DCF15412-1FEE-4F3F-93FF-2B7B1D7DAD68}.Debug All|Mixed Platforms.Build.0 = Debug|Win32
		{DCF15412-1FEE-4F3F-93FF-2B7B1D7DAD68}.Debug All|Win32.ActiveCfg = Debug|Win32
		{DCF15412-1FEE-4F3F-93FF-2B7B1D7DAD68}.Debug All|Win32.Build.0 = Debug|Win32
		{DCF15412-1FEE-4F3F-93FF-2B7B1D7DAD68}.Debug|Any CPU.ActiveCfg = Debug|Win32
		{DCF15412-1FEE-4F3F-93FF-2B7B1D7DAD68}.Debug|Mixed Platforms.ActiveCfg = Debug|Win32
		{DCF15412-1FEE-4F3F-93FF-2B7B1D7DAD68}.Debug|Mixed Platforms.Build.0 = Debug|Win32
		{DCF15412-1FEE-4F3F-93FF-2B7B1D7DAD68}.Debug|Win32.ActiveCfg = Debug|Win32
		{DCF15412-1FEE-4F3F-93FF-2B7B1D7DAD68}.Debug|Win32.Build.0 = Debug|Win32
		{DCF15412-1FEE-4F3F-93FF-2B7B1D7DAD68}.Release|Any CPU.ActiveCfg = Release|Win32
		{DCF15412-1FEE-4F3F-93FF-2B7B1D7DAD68}.Release|Mixed Platforms.ActiveCfg = Release|Win32
		{DCF15412-1FEE-4F3F-93FF-2B7B1D7DAD68}.Release|Mixed Platforms.Build.0 = Release|Win32
		{DCF15412-1FEE-4F3F-93FF-2B7B1D7DAD68}.Release|Win32.ActiveCfg = Release|Win32
		{DCF15412-1FEE-4F3F-93FF-2B7B1D7DAD68}.Release|Win32.Build.0 = Release|Win32
		{DCF15412-1FEE-4F3F-93FF-2B7B1D7DAD68}.RunOnly|Any CPU.ActiveCfg = RunOnly|Win32
		{DCF15412-1FEE-4F3F-93FF-2B7B1D7DAD68}.RunOnly|Mixed Platforms.ActiveCfg = Debug|Win32
		{DCF15412-1FEE-4F3F-93FF-2B7B1D7DAD68}.RunOnly|Win32.ActiveCfg = RunOnly|Win32
		{DCF15412-1FEE-4F3F-93FF-2B7B1D7DAD68}.RunOnly|Win32.Build.0 = RunOnly|Win32
		{9ECEEE97-0FE1-4659-92D5-D1D9ACFD1D7A}.Debug All|Any CPU.ActiveCfg = Debug|Win32
		{9ECEEE97-0FE1-4659-92D5-D1D9ACFD1D7A}.Debug All|Mixed Platforms.ActiveCfg = Debug|Win32
		{9ECEEE97-0FE1-4659-92D5-D1D9ACFD1D7A}.Debug All|Mixed Platforms.Build.0 = Debug|Win32
		{9ECEEE97-0FE1-4659-92D5-D1D9ACFD1D7A}.Debug All|Win32.ActiveCfg = Debug|Win32
		{9ECEEE97-0FE1-4659-92D5-D1D9ACFD1D7A}.Debug All|Win32.Build.0 = Debug|Win32
		{9ECEEE97-0FE1-4659-92D5-D1D9ACFD1D7A}.Debug|Any CPU.ActiveCfg = Debug|Win32
		{9ECEEE97-0FE1-4659-92D5-D1D9ACFD1D7A}.Debug|Mixed Platforms.ActiveCfg = Debug|Win32
		{9ECEEE97-0FE1-4659-92D5-D1D9ACFD1D7A}.Debug|Mixed Platforms.Build.0 = Debug|Win32
		{9ECEEE97-0FE1-4659-92D5-D1D9ACFD1D7A}.Debug|Win32.ActiveCfg = Debug|Win32
		{9ECEEE97-0FE1-4659-92D5-D1D9ACFD1D7A}.Debug|Win32.Build.0 = Debug|Win32
		{9ECEEE97-0FE1-4659-92D5-D1D9ACFD1D7A}.Release|Any CPU.ActiveCfg = Release|Win32
		{9ECEEE97-0FE1-4659-92D5-D1D9ACFD1D7A}.Release|Mixed Platforms.ActiveCfg = Release|Win32
		{9ECEEE97-0FE1-4659-92D5-D1D9ACFD1D7A}.Release|Mixed Platforms.Build.0 = Release|Win32
		{9ECEEE97-0FE1-4659-92D5-D1D9ACFD1D7A}.Release|Win32.ActiveCfg = Release|Win32
		{9ECEEE97-0FE1-4659-92D5-D1D9ACFD1D7A}.Release|Win32.Build.0 = Release|Win32
		{9ECEEE97-0FE1-4659-92D5-D1D9ACFD1D7A}.RunOnly|Any CPU.ActiveCfg = RunOnly|Win32
		{9ECEEE97-0FE1-4659-92D5-D1D9ACFD1D7A}.RunOnly|Mixed Platforms.ActiveCfg = RunOnly|Win32
		{9ECEEE97-0FE1-4659-92D5-D1D9ACFD1D7A}.RunOnly|Mixed Platforms.Build.0 = RunOnly|Win32
		{9ECEEE97-0FE1-4659-92D5-D1D9ACFD1D7A}.RunOnly|Win32.ActiveCfg = RunOnly|Win32
		{9ECEEE97-0FE1-4659-92D5-D1D9ACFD1D7A}.RunOnly|Win32.Build.0 = RunOnly|Win32
		{ED27D471-5620-45FB-BFD4-6D5DABADE989}.Debug All|Any CPU.ActiveCfg = Debug|Win32
		{ED27D471-5620-45FB-BFD4-6D5DABADE989}.Debug All|Mixed Platforms.ActiveCfg = Debug|Win32
		{ED27D471-5620-45FB-BFD4-6D5DABADE989}.Debug All|Mixed Platforms.Build.0 = Debug|Win32
		{ED27D471-5620-45FB-BFD4-6D5DABADE989}.Debug All|Win32.ActiveCfg = Debug|Win32
		{ED27D471-5620-45FB-BFD4-6D5DABADE989}.Debug All|Win32.Build.0 = Debug|Win32
		{ED27D471-5620-45FB-BFD4-6D5DABADE989}.Debug|Any CPU.ActiveCfg = Debug|Win32
		{ED27D471-5620-45FB-BFD4-6D5DABADE989}.Debug|Mixed Platforms.ActiveCfg = Debug|Win32
		{ED27D471-5620-45FB-BFD4-6D5DABADE989}.Debug|Mixed Platforms.Build.0 = Debug|Win32
		{ED27D471-5620-45FB-BFD4-6D5DABADE989}.Debug|Win32.ActiveCfg = Debug|Win32
		{ED27D471-5620-45FB-BFD4-6D5DABADE989}.Debug|Win32.Build.0 = Debug|Win32
		{ED27D471-5620-45FB-BFD4-6D5DABADE989}.Release|Any CPU.ActiveCfg = Release|Win32
		{ED27D471-5620-45FB-BFD4-6D5DABADE989}.Release|Mixed Platforms.ActiveCfg = Release|Win32
		{ED27D471-5620-45FB-BFD4-6D5DABADE989}.Release|Mixed Platforms.Build.0 = Release|Win32
		{ED27D471-5620-45FB-BFD4-6D5DABADE989}.Release|Win32.ActiveCfg = Release|Win32
		{ED27D471-5620-45FB-BFD4-6D5DABADE989}.Release|Win32.Build.0 = Release|Win32
		{ED27D471-5620-45FB-BFD4-6D5DABADE989}.RunOnly|Any CPU.ActiveCfg = RunOnly|Win32
		{ED27D471-5620-45FB-BFD4-6D5DABADE989}.RunOnly|Mixed Platforms.ActiveCfg = RunOnly|Win32
		{ED27D471-5620-45FB-BFD4-6D5DABADE989}.RunOnly|Mixed Platforms.Build.0 = RunOnly|Win32
		{ED27D471-5620-45FB-BFD4-6D5DABADE989}.RunOnly|Win32.ActiveCfg = RunOnly|Win32
		{ED27D471-5620-45FB-BFD4-6D5DABADE989}.RunOnly|Win32.Build.0 = RunOnly|Win32
		{0D19FDED-54A0-4563-8884-34AFF72FA022}.Debug All|Any CPU.ActiveCfg = Debug|Win32
		{0D19FDED-54A0-4563-8884-34AFF72FA022}.Debug All|Mixed Platforms.ActiveCfg = Debug|Win32
		{0D19FDED-54A0-4563-8884-34AFF72FA022}.Debug All|Mixed Platforms.Build.0 = Debug|Win32
		{0D19FDED-54A0-4563-8884-34AFF72FA022}.Debug All|Win32.ActiveCfg = Debug|Win32
		{0D19FDED-54A0-4563-8884-34AFF72FA022}.Debug All|Win32.Build.0 = Debug|Win32
		{0D19FDED-54A0-4563-8884-34AFF72FA022}.Debug|Any CPU.ActiveCfg = Debug|Win32
		{0D19FDED-54A0-4563-8884-34AFF72FA022}.Debug|Mixed Platforms.ActiveCfg = Debug|Win32
		{0D19FDED-54A0-4563-8884-34AFF72FA022}.Debug|Mixed Platforms.Build.0 = Debug|Win32
		{0D19FDED-54A0-4563-8884-34AFF72FA022}.Debug|Win32.ActiveCfg = Debug|Win32
		{0D19FDED-54A0-4563-8884-34AFF72FA022}.Debug|Win32.Build.0 = Debug|Win32
		{0D19FDED-54A0-4563-8884-34AFF72FA022}.Release|Any CPU.ActiveCfg = Release|Win32
		{0D19FDED-54A0-4563-8884-34AFF72FA022}.Release|Mixed Platforms.ActiveCfg = Release|Win32
		{0D19FDED-54A0-4563-8884-34AFF72FA022}.Release|Mixed Platforms.Build.0 = Release|Win32
		{0D19FDED-54A0-4563-8884-34AFF72FA022}.Release|Win32.ActiveCfg = Release|Win32
		{0D19FDED-54A0-4563-8884-34AFF72FA022}.Release|Win32.Build.0 = Release|Win32
		{0D19FDED-54A0-4563-8884-34AFF72FA022}.RunOnly|Any CPU.ActiveCfg = Release|Win32
		{0D19FDED-54A0-4563-8884-34AFF72FA022}.RunOnly|Mixed Platforms.ActiveCfg = Release|Win32
		{0D19FDED-54A0-4563-8884-34AFF72FA022}.RunOnly|Mixed Platforms.Build.0 = Release|Win32
		{0D19FDED-54A0-4563-8884-34AFF72FA022}.RunOnly|Win32.ActiveCfg = Release|Win32
		{0D19FDED-54A0-4563-8884-34AFF72FA022}.RunOnly|Win32.Build.0 = Release|Win32
	EndGlobalSection
	GlobalSection(SolutionProperties) = preSolution
		HideSolutionNode = FALSE
	EndGlobalSection
EndGlobal
